{
  "nodes": {
    "base16-schemes": {
      "flake": false,
      "locked": {
        "lastModified": 1696158499,
        "narHash": "sha256-5yIHgDTPjoX/3oDEfLSQ0eJZdFL1SaCfb9d6M0RmOTM=",
        "owner": "tinted-theming",
        "repo": "base16-schemes",
        "rev": "a9112eaae86d9dd8ee6bb9445b664fba2f94037a",
        "type": "github"
      },
      "original": {
        "owner": "tinted-theming",
        "repo": "base16-schemes",
        "type": "github"
      }
    },
    "claude-code": {
      "inputs": {
        "flake-utils": "flake-utils",
        "nixpkgs": "nixpkgs"
      },
      "locked": {
        "lastModified": 1784157477,
        "narHash": "sha256-eluLGU+dZ7AzGowwsNjNZ4R9lHcs3eZnof3XHKwSWeM=",
        "owner": "sadjow",
        "repo": "claude-code-nix",
        "rev": "1c3cb70c212d7f2ea4decab4a65697b6f6268442",
        "type": "github"
      },
      "original": {
        "owner": "sadjow",
        "repo": "claude-code-nix",
        "type": "github"
      }
    },
    "emacs-abyss-theme": {
      "flake": false,
      "locked": {
        "lastModified": 1769371178,
        "narHash": "sha256-3wapWZPo4QLJ+3BYlkaqnpQPHFUPvEiH8kXjjUmLwbs=",
        "owner": "mgrbyte",
        "repo": "emacs-abyss-theme",
        "rev": "6eb2b5735808ea96a36fc7abf741fc3bbf1b6ee4",
        "type": "github"
      },
      "original": {
        "owner": "mgrbyte",
        "repo": "emacs-abyss-theme",
        "type": "github"
      }
    },
    "emacs-config": {
      "flake": false,
      "locked": {
        "lastModified": 1783321267,
        "narHash": "sha256-Kb/15x80Z6aiE9oG6EZ7JpCY9CcYdfpRDhi0F0Owcac=",
        "owner": "mgrbyte",
        "repo": "emacs.d",
        "rev": "3e6841b2e7f6952732d984139a91b6234ea0eb74",
        "type": "github"
      },
      "original": {
        "owner": "mgrbyte",
        "repo": "emacs.d",
        "type": "github"
      }
    },
    "emacs-tokyo-theme": {
      "flake": false,
      "locked": {
        "lastModified": 1775456740,
        "narHash": "sha256-ZXfflZFzQXMjlP9PzLTKRnakBAVKjRRnf90sMQqehIo=",
        "owner": "bbatsov",
        "repo": "emacs-tokyo-themes",
        "rev": "1b6ad5621d0e044be1f6777b0474bdfd180ef58c",
        "type": "github"
      },
      "original": {
        "owner": "bbatsov",
        "repo": "emacs-tokyo-themes",
        "type": "github"
      }
    },
    "flake-parts": {
      "inputs": {
        "nixpkgs-lib": "nixpkgs-lib"
      },
      "locked": {
        "lastModified": 1767609335,
        "narHash": "sha256-feveD98mQpptwrAEggBQKJTYbvwwglSbOv53uCfH9PY=",
        "owner": "hercules-ci",
        "repo": "flake-parts",
        "rev": "250481aafeb741edfe23d29195671c19b36b6dca",
        "type": "github"
      },
      "original": {
        "owner": "hercules-ci",
        "repo": "flake-parts",
        "type": "github"
      }
    },
    "flake-utils": {
      "inputs": {
        "systems": "systems"
      },
      "locked": {
        "lastModified": 1731533236,
        "narHash": "sha256-l0KFg5HjrsfsO/JpG+r7fRrqm12kzFHyUHqHCVpMMbI=",
        "owner": "numtide",
        "repo": "flake-utils",
        "rev": "11707dc2f618dd54ca8739b309ec4fc024de578b",
        "type": "github"
      },
      "original": {
        "owner": "numtide",
        "repo": "flake-utils",
        "type": "github"
      }
    },
    "home-manager": {
      "inputs": {
        "nixpkgs": [
          "nixpkgs"
        ]
      },
      "locked": {
        "lastModified": 1782166451,
        "narHash": "sha256-SA7LyrayyZBvtzZnesnSLV7haciFuVLeZaX2hd5v4j4=",
        "owner": "nix-community",
        "repo": "home-manager",
        "rev": "471a1d2f840eb7fcbdfd541d99c13a64096f46db",
        "type": "github"
      },
      "original": {
        "owner": "nix-community",
        "repo": "home-manager",
        "type": "github"
      }
    },
    "home-manager-secrets": {
      "inputs": {
        "lefthook": "lefthook",
        "nixpkgs": "nixpkgs_2"
      },
      "locked": {
        "lastModified": 1744208439,
        "narHash": "sha256-2Nos2djaufVzcwfJM8cCW5fEW6mQnBVnqJiCoNPFITA=",
        "owner": "sudosubin",
        "repo": "home-manager-secrets",
        "rev": "c6081807eb971924495860f3be1cd39411be2e7c",
        "type": "github"
      },
      "original": {
        "owner": "sudosubin",
        "repo": "home-manager-secrets",
        "type": "github"
      }
    },
    "lefthook": {
      "inputs": {
        "nixpkgs": [
          "home-manager-secrets",
          "nixpkgs"
        ]
      },
      "locked": {
        "lastModified": 1743329920,
        "narHash": "sha256-rj8R9moulDQ8alim20/0tkip9VfPsTr17aHE+HaauiE=",
        "owner": "sudosubin",
        "repo": "lefthook.nix",
        "rev": "39a1d30c93239a82529965684f1b2aa7b808091b",
        "type": "github"
      },
      "original": {
        "owner": "sudosubin",
        "repo": "lefthook.nix",
        "type": "github"
      }
    },
    "nix-casks": {
      "inputs": {
        "flake-parts": "flake-parts",
        "nixpkgs": "nixpkgs_3",
        "treefmt-nix": "treefmt-nix"
      },
      "locked": {
        "lastModified": 1774300314,
        "narHash": "sha256-agFJLtrH0X1ktERl9q5jAnUFwjZWLqhNOgG0feBZjfU=",
        "owner": "atahanyorganci",
        "repo": "nix-casks",
        "rev": "2a6d7618c1bd49af72f904e5d805b2fc2f185392",
        "type": "github"
      },
      "original": {
        "owner": "atahanyorganci",
        "repo": "nix-casks",
        "type": "github"
      }
    },
    "nix-colors": {
      "inputs": {
        "base16-schemes": "base16-schemes",
        "nixpkgs-lib": "nixpkgs-lib_2"
      },
      "locked": {
        "lastModified": 1707825078,
        "narHash": "sha256-hTfge2J2W+42SZ7VHXkf4kjU+qzFqPeC9k66jAUBMHk=",
        "owner": "Misterio77",
        "repo": "nix-colors",
        "rev": "b01f024090d2c4fc3152cd0cf12027a7b8453ba1",
        "type": "github"
      },
      "original": {
        "owner": "Misterio77",
        "repo": "nix-colors",
        "type": "github"
      }
    },
    "nix-secrets": {
      "flake": false,
      "locked": {
        "lastModified": 1785158452,
        "narHash": "sha256-DwjNA88uHuu0sIE8xaLNge0trhmBGQS5U58L+cOWtU8=",
        "ref": "refs/heads/main",
        "rev": "a0d26b9f92e7d441a7df3dfecf296bd90a4e21bc",
        "revCount": 43,
        "type": "git",
        "url": "ssh://git@github.com/mgrbyte/nix-secrets"
      },
      "original": {
        "type": "git",
        "url": "ssh://git@github.com/mgrbyte/nix-secrets"
      }
    },
    "nixpkgs": {
      "locked": {
        "lastModified": 1784115452,
        "narHash": "sha256-BoYPdqk6jlKXy+DyUzyGV/CtRGfAhk2MmIgBhsemTGI=",
        "owner": "NixOS",
        "repo": "nixpkgs",
        "rev": "35d3407a3816f3b341d8cf1d60abaf2b7b8166ac",
        "type": "github"
      },
      "original": {
        "owner": "NixOS",
        "ref": "nixpkgs-unstable",
        "repo": "nixpkgs",
        "type": "github"
      }
    },
    "nixpkgs-lib": {
      "locked": {
        "lastModified": 1765674936,
        "narHash": "sha256-k00uTP4JNfmejrCLJOwdObYC9jHRrr/5M/a/8L2EIdo=",
        "owner": "nix-community",
        "repo": "nixpkgs.lib",
        "rev": "2075416fcb47225d9b68ac469a5c4801a9c4dd85",
        "type": "github"
      },
      "original": {
        "owner": "nix-community",
        "repo": "nixpkgs.lib",
        "type": "github"
      }
    },
    "nixpkgs-lib_2": {
      "locked": {
        "lastModified": 1697935651,
        "narHash": "sha256-qOfWjQ2JQSQL15KLh6D7xQhx0qgZlYZTYlcEiRuAMMw=",
        "owner": "nix-community",
        "repo": "nixpkgs.lib",
        "rev": "e1e11fdbb01113d85c7f41cada9d2847660e3902",
        "type": "github"
      },
      "original": {
        "owner": "nix-community",
        "repo": "nixpkgs.lib",
        "type": "github"
      }
    },
    "nixpkgs_2": {
      "locked": {
        "lastModified": 1743298703,
        "narHash": "sha256-Q9LyN7Bm4LIvXNNRaMg7WAaZr8Jh3FJI/qNAVuUJXHI=",
        "owner": "nixos",
        "repo": "nixpkgs",
        "rev": "9eb0e7f29dcae57c21536867c1a3a50e744a1fce",
        "type": "github"
      },
      "original": {
        "owner": "nixos",
        "ref": "nixos-unstable-small",
        "repo": "nixpkgs",
        "type": "github"
      }
    },
    "nixpkgs_3": {
      "locked": {
        "lastModified": 1767364772,
        "narHash": "sha256-fFUnEYMla8b7UKjijLnMe+oVFOz6HjijGGNS1l7dYaQ=",
        "owner": "NixOS",
        "repo": "nixpkgs",
        "rev": "16c7794d0a28b5a37904d55bcca36003b9109aaa",
        "type": "github"
      },
      "original": {
        "owner": "NixOS",
        "ref": "nixpkgs-unstable",
        "repo": "nixpkgs",
        "type": "github"
      }
    },
    "nixpkgs_4": {
      "locked": {
        "lastModified": 1781577229,
        "narHash": "sha256-lrp67w8AulE9Ks53n27I45ADSzbOCn4H+CNW1Ck8B+8=",
        "owner": "nixos",
        "repo": "nixpkgs",
        "rev": "567a49d1913ce81ac6e9582e3553dd90a955875f",
        "type": "github"
      },
      "original": {
        "owner": "nixos",
        "ref": "nixos-unstable",
        "repo": "nixpkgs",
        "type": "github"
      }
    },
    "root": {
      "inputs": {
        "claude-code": "claude-code",
        "emacs-abyss-theme": "emacs-abyss-theme",
        "emacs-config": "emacs-config",
        "emacs-tokyo-theme": "emacs-tokyo-theme",
        "home-manager": "home-manager",
        "home-manager-secrets": "home-manager-secrets",
        "nix-casks": "nix-casks",
        "nix-colors": "nix-colors",
        "nix-secrets": "nix-secrets",
        "nixpkgs": "nixpkgs_4"
      }
    },
    "systems": {
      "locked": {
        "lastModified": 1681028828,
        "narHash": "sha256-Vy1rq5AaRuLzOxct8nz4T6wlgyUR7zLU309k9mBC768=",
        "owner": "nix-systems",
        "repo": "default",
        "rev": "da67096a3b9bf56a91d16901293e51ba5b49a27e",
        "type": "github"
      },
      "original": {
        "owner": "nix-systems",
        "repo": "default",
        "type": "github"
      }
    },
    "treefmt-nix": {
      "inputs": {
        "nixpkgs": [
          "nix-casks",
          "nixpkgs"
        ]
      },
      "locked": {
        "lastModified": 1767738726,
        "narHash": "sha256-bHATlMr42JABTJgi4Wc8SJCK8Cv9AnR6HCl3k8eTwEs=",
        "owner": "numtide",
        "repo": "treefmt-nix",
        "rev": "4db0238d79254c6d14f251808dc5264b8fc81b73",
        "type": "github"
      },
      "original": {
        "owner": "numtide",
        "repo": "treefmt-nix",
        "type": "github"
      }
    }
  },
  "root": "root",
  "version": 7
}
